
Microsoft Visual Studio Solution File, Format Version 12.00
# Visual Studio Version 17
VisualStudioVersion = 17.5.33530.505
MinimumVisualStudioVersion = 10.0.40219.1
Project("{FAE04EC0-301F-11D3-BF4B-00C04F79EFBC}") = "Captcha", "Captcha\Captcha.csproj", "{045440D6-A1DF-47ED-A449-DCCEE3923BDB}"
EndProject
Global
	GlobalSection(SolutionConfigurationPlatforms) = preSolution
		Debug|Any CPU = Debug|Any CPU
		Release|Any CPU = Release|Any CPU
	EndGlobalSection
	GlobalSection(ProjectConfigurationPlatforms) = postSolution
		{045440D6-A1DF-47ED-A449-DCCEE3923BDB}.Debug|Any CPU.ActiveCfg = Debug|Any CPU
		{045440D6-A1DF-47ED-A449-DCCEE3923BDB}.Debug|Any CPU.Build.0 = Debug|Any CPU
		{045440D6-A1DF-47ED-A449-DCCEE3923BDB}.Release|Any CPU.ActiveCfg = Release|Any CPU
		{045440D6-A1DF-47ED-A449-DCCEE3923BDB}.Release|Any CPU.Build.0 = Release|Any CPU
	EndGlobalSection
	GlobalSection(SolutionProperties) = preSolution
		HideSolutionNode = FALSE
	EndGlobalSection
	GlobalSection(ExtensibilityGlobals) = postSolution
		SolutionGuid = {8E458028-6B57-4769-B382-DCD1B32937FB}
	EndGlobalSection
EndGlobal
