
Microsoft Visual Studio Solution File, Format Version 12.00
# Visual Studio Version 17
VisualStudioVersion = 17.5.33530.505
MinimumVisualStudioVersion = 10.0.40219.1
Project("{FAE04EC0-301F-11D3-BF4B-00C04F79EFBC}") = "Eokul_Proje", "Eokul_Proje\Eokul_Proje.csproj", "{0E354DCD-B3A1-4BD4-B6DF-E2BE22062A3C}"
EndProject
Global
	GlobalSection(SolutionConfigurationPlatforms) = preSolution
		Debug|Any CPU = Debug|Any CPU
		Release|Any CPU = Release|Any CPU
	EndGlobalSection
	GlobalSection(ProjectConfigurationPlatforms) = postSolution
		{0E354DCD-B3A1-4BD4-B6DF-E2BE22062A3C}.Debug|Any CPU.ActiveCfg = Debug|Any CPU
		{0E354DCD-B3A1-4BD4-B6DF-E2BE22062A3C}.Debug|Any CPU.Build.0 = Debug|Any CPU
		{0E354DCD-B3A1-4BD4-B6DF-E2BE22062A3C}.Release|Any CPU.ActiveCfg = Release|Any CPU
		{0E354DCD-B3A1-4BD4-B6DF-E2BE22062A3C}.Release|Any CPU.Build.0 = Release|Any CPU
	EndGlobalSection
	GlobalSection(SolutionProperties) = preSolution
		HideSolutionNode = FALSE
	EndGlobalSection
	GlobalSection(ExtensibilityGlobals) = postSolution
		SolutionGuid = {20708CC6-FA2E-47F3-93CE-307281FA23AC}
	EndGlobalSection
EndGlobal
